# This file is generated by running "yarn install" inside your project.
# Manual changes might be lost - proceed with caution!

__metadata:
  version: 6
  cacheKey: 8

"@babel/runtime@npm:^7.12.5, @babel/runtime@npm:^7.5.5, @babel/runtime@npm:^7.8.7":
  version: 7.23.4
  resolution: "@babel/runtime@npm:7.23.4"
  dependencies:
    regenerator-runtime: ^0.14.0
  checksum: 8eb6a6b2367f7d60e7f7dd83f477cc2e2fdb169e5460694d7614ce5c730e83324bcf29251b70940068e757ad1ee56ff8073a372260d90cad55f18a825caf97cd
  languageName: node
  linkType: hard

"@popperjs/core@npm:^2.6.0":
  version: 2.11.8
  resolution: "@popperjs/core@npm:2.11.8"
  checksum: e5c69fdebf52a4012f6a1f14817ca8e9599cb1be73dd1387e1785e2ed5e5f0862ff817f420a87c7fc532add1f88a12e25aeb010ffcbdc98eace3d55ce2139cf0
  languageName: node
  linkType: hard

"bh-react-bootstrap@workspace:.":
  version: 0.0.0-use.local
  resolution: "bh-react-bootstrap@workspace:."
  dependencies:
    reactstrap: ^9.2.1
  languageName: unknown
  linkType: soft

"classnames@npm:^2.2.3":
  version: 2.3.2
  resolution: "classnames@npm:2.3.2"
  checksum: 2c62199789618d95545c872787137262e741f9db13328e216b093eea91c85ef2bfb152c1f9e63027204e2559a006a92eb74147d46c800a9f96297ae1d9f96f4e
  languageName: node
  linkType: hard

"csstype@npm:^3.0.2":
  version: 3.1.2
  resolution: "csstype@npm:3.1.2"
  checksum: e1a52e6c25c1314d6beef5168da704ab29c5186b877c07d822bd0806717d9a265e8493a2e35ca7e68d0f5d472d43fac1cdce70fd79fd0853dff81f3028d857b5
  languageName: node
  linkType: hard

"dom-helpers@npm:^5.0.1":
  version: 5.2.1
  resolution: "dom-helpers@npm:5.2.1"
  dependencies:
    "@babel/runtime": ^7.8.7
    csstype: ^3.0.2
  checksum: 863ba9e086f7093df3376b43e74ce4422571d404fc9828bf2c56140963d5edf0e56160f9b2f3bb61b282c07f8fc8134f023c98fd684bddcb12daf7b0f14d951c
  languageName: node
  linkType: hard

"js-tokens@npm:^3.0.0 || ^4.0.0":
  version: 4.0.0
  resolution: "js-tokens@npm:4.0.0"
  checksum: 8a95213a5a77deb6cbe94d86340e8d9ace2b93bc367790b260101d2f36a2eaf4e4e22d9fa9cf459b38af3a32fb4190e638024cf82ec95ef708680e405ea7cc78
  languageName: node
  linkType: hard

"loose-envify@npm:^1.0.0, loose-envify@npm:^1.4.0":
  version: 1.4.0
  resolution: "loose-envify@npm:1.4.0"
  dependencies:
    js-tokens: ^3.0.0 || ^4.0.0
  bin:
    loose-envify: cli.js
  checksum: 6517e24e0cad87ec9888f500c5b5947032cdfe6ef65e1c1936a0c48a524b81e65542c9c3edc91c97d5bddc806ee2a985dbc79be89215d613b1de5db6d1cfe6f4
  languageName: node
  linkType: hard

"object-assign@npm:^4.1.1":
  version: 4.1.1
  resolution: "object-assign@npm:4.1.1"
  checksum: fcc6e4ea8c7fe48abfbb552578b1c53e0d194086e2e6bbbf59e0a536381a292f39943c6e9628af05b5528aa5e3318bb30d6b2e53cadaf5b8fe9e12c4b69af23f
  languageName: node
  linkType: hard

"prop-types@npm:^15.5.8, prop-types@npm:^15.6.2":
  version: 15.8.1
  resolution: "prop-types@npm:15.8.1"
  dependencies:
    loose-envify: ^1.4.0
    object-assign: ^4.1.1
    react-is: ^16.13.1
  checksum: c056d3f1c057cb7ff8344c645450e14f088a915d078dcda795041765047fa080d38e5d626560ccaac94a4e16e3aa15f3557c1a9a8d1174530955e992c675e459
  languageName: node
  linkType: hard

"react-fast-compare@npm:^3.0.1":
  version: 3.2.2
  resolution: "react-fast-compare@npm:3.2.2"
  checksum: 2071415b4f76a3e6b55c84611c4d24dcb12ffc85811a2840b5a3f1ff2d1a99be1020d9437ee7c6e024c9f4cbb84ceb35e48cf84f28fcb00265ad2dfdd3947704
  languageName: node
  linkType: hard

"react-is@npm:^16.13.1":
  version: 16.13.1
  resolution: "react-is@npm:16.13.1"
  checksum: f7a19ac3496de32ca9ae12aa030f00f14a3d45374f1ceca0af707c831b2a6098ef0d6bdae51bd437b0a306d7f01d4677fcc8de7c0d331eb47ad0f46130e53c5f
  languageName: node
  linkType: hard

"react-popper@npm:^2.2.4":
  version: 2.3.0
  resolution: "react-popper@npm:2.3.0"
  dependencies:
    react-fast-compare: ^3.0.1
    warning: ^4.0.2
  peerDependencies:
    "@popperjs/core": ^2.0.0
    react: ^16.8.0 || ^17 || ^18
    react-dom: ^16.8.0 || ^17 || ^18
  checksum: 837111c98738011c69b3069a464ea5bdcbf487105b6148e8faf90cb7337e134edb1b98b8824322941c378756cca30a15c18c25f558e53b85ed5762fa0dc8e6b2
  languageName: node
  linkType: hard

"react-transition-group@npm:^4.4.2":
  version: 4.4.5
  resolution: "react-transition-group@npm:4.4.5"
  dependencies:
    "@babel/runtime": ^7.5.5
    dom-helpers: ^5.0.1
    loose-envify: ^1.4.0
    prop-types: ^15.6.2
  peerDependencies:
    react: ">=16.6.0"
    react-dom: ">=16.6.0"
  checksum: 75602840106aa9c6545149d6d7ae1502fb7b7abadcce70a6954c4b64a438ff1cd16fc77a0a1e5197cdd72da398f39eb929ea06f9005c45b132ed34e056ebdeb1
  languageName: node
  linkType: hard

"reactstrap@npm:^9.2.1":
  version: 9.2.1
  resolution: "reactstrap@npm:9.2.1"
  dependencies:
    "@babel/runtime": ^7.12.5
    "@popperjs/core": ^2.6.0
    classnames: ^2.2.3
    prop-types: ^15.5.8
    react-popper: ^2.2.4
    react-transition-group: ^4.4.2
  peerDependencies:
    react: ">=16.8.0"
    react-dom: ">=16.8.0"
  checksum: 122c0409f7a450fc88369eb8065f2b73bf1e5f2af7d3fd04a51b87eaa2e97a6aaa19ddb01db5996dd93df3dc0068936a5e40a0dbcc096a6e99d82d43bad98649
  languageName: node
  linkType: hard

"regenerator-runtime@npm:^0.14.0":
  version: 0.14.0
  resolution: "regenerator-runtime@npm:0.14.0"
  checksum: 1c977ad82a82a4412e4f639d65d22be376d3ebdd30da2c003eeafdaaacd03fc00c2320f18120007ee700900979284fc78a9f00da7fb593f6e6eeebc673fba9a3
  languageName: node
  linkType: hard

"warning@npm:^4.0.2":
  version: 4.0.3
  resolution: "warning@npm:4.0.3"
  dependencies:
    loose-envify: ^1.0.0
  checksum: 4f2cb6a9575e4faf71ddad9ad1ae7a00d0a75d24521c193fa464f30e6b04027bd97aa5d9546b0e13d3a150ab402eda216d59c1d0f2d6ca60124d96cd40dfa35c
  languageName: node
  linkType: hard
